<?xml version="1.0" encoding="utf-8"?>
<Project ToolsVersion="4.0" xmlns="http://schemas.microsoft.com/developer/msbuild/2003">
  <ItemGroup>
    <Filter Include="Source Files">
      <UniqueIdentifier>{4FC737F1-C7A5-4376-A066-2A32D752A2FF}</UniqueIdentifier>
      <Extensions>cpp;c;cc;cxx;def;odl;idl;hpj;bat;asm;asmx</Extensions>
    </Filter>
    <Filter Include="Header Files">
      <UniqueIdentifier>{93995380-89BD-4b04-88EB-625FBE52EBFB}</UniqueIdentifier>
      <Extensions>h;hh;hpp;hxx;hm;inl;inc;xsd</Extensions>
    </Filter>
    <Filter Include="Resource Files">
      <UniqueIdentifier>{67DA6AB6-F800-4c08-8B7A-83BB121AAD01}</UniqueIdentifier>
      <Extensions>rc;ico;cur;bmp;dlg;rc2;rct;bin;rgs;gif;jpg;jpeg;jpe;resx;tiff;tif;png;wav;mfcribbon-ms</Extensions>
    </Filter>
  </ItemGroup>
  <ItemGroup>
    <ClCompile Include="Final.cpp">
      <Filter>Source Files</Filter>
    </ClCompile>
    <ClCompile Include="DisplayLayer.cpp">
      <Filter>Header Files</Filter>
    </ClCompile>
    <ClCompile Include="fssimplewindow.cpp">
      <Filter>Header Files</Filter>
    </ClCompile>
    <ClCompile Include="Image2Vector.cpp">
      <Filter>Header Files</Filter>
    </ClCompile>
    <ClCompile Include="imageClass.cpp">
      <Filter>Header Files</Filter>
    </ClCompile>
    <ClCompile Include="ParseString.cpp">
      <Filter>Header Files</Filter>
    </ClCompile>
    <ClCompile Include="PixelCol.cpp">
      <Filter>Header Files</Filter>
    </ClCompile>
    <ClCompile Include="Upscale.cpp">
      <Filter>Header Files</Filter>
    </ClCompile>
    <ClCompile Include="Vector2Image.cpp">
      <Filter>Header Files</Filter>
    </ClCompile>
    <ClCompile Include="Layer2Relu.cpp">
      <Filter>Source Files</Filter>
    </ClCompile>
    <ClCompile Include="Layer1Conv.cpp">
      <Filter>Header Files</Filter>
    </ClCompile>
    <ClCompile Include="Layer3MaxPool.cpp">
      <Filter>Source Files</Filter>
    </ClCompile>
    <ClCompile Include="Layer4Conv.cpp">
      <Filter>Source Files</Filter>
    </ClCompile>
    <ClCompile Include="Layer5ReLU.cpp">
      <Filter>Source Files</Filter>
    </ClCompile>
    <ClCompile Include="Layer6MaxPool.cpp">
      <Filter>Source Files</Filter>
    </ClCompile>
    <ClCompile Include="Layer7Conv.cpp">
      <Filter>Source Files</Filter>
    </ClCompile>
    <ClCompile Include="Layer8ReLU.cpp">
      <Filter>Source Files</Filter>
    </ClCompile>
  </ItemGroup>
  <ItemGroup>
    <ClInclude Include="CommonVariable.h">
      <Filter>Header Files</Filter>
    </ClInclude>
    <ClInclude Include="DisplayLayer.h">
      <Filter>Header Files</Filter>
    </ClInclude>
    <ClInclude Include="fssimplewindow.h">
      <Filter>Header Files</Filter>
    </ClInclude>
    <ClInclude Include="Image2Vector.h">
      <Filter>Header Files</Filter>
    </ClInclude>
    <ClInclude Include="imageClass.h">
      <Filter>Header Files</Filter>
    </ClInclude>
    <ClInclude Include="ParseString.h">
      <Filter>Header Files</Filter>
    </ClInclude>
    <ClInclude Include="PixelCol.h">
      <Filter>Header Files</Filter>
    </ClInclude>
    <ClInclude Include="Upscale.h">
      <Filter>Header Files</Filter>
    </ClInclude>
    <ClInclude Include="Vector2Image.h">
      <Filter>Header Files</Filter>
    </ClInclude>
    <ClInclude Include="Layer2Relu.h">
      <Filter>Header Files</Filter>
    </ClInclude>
    <ClInclude Include="Layer1Conv.h">
      <Filter>Header Files</Filter>
    </ClInclude>
    <ClInclude Include="Layer3MaxPool.h">
      <Filter>Header Files</Filter>
    </ClInclude>
    <ClInclude Include="Layer4Conv.h">
      <Filter>Header Files</Filter>
    </ClInclude>
    <ClInclude Include="Layer5ReLU.h">
      <Filter>Header Files</Filter>
    </ClInclude>
    <ClInclude Include="Layer6MaxPool.h">
      <Filter>Header Files</Filter>
    </ClInclude>
    <ClInclude Include="Layer7Conv.h">
      <Filter>Header Files</Filter>
    </ClInclude>
    <ClInclude Include="Layer8ReLU.h">
      <Filter>Header Files</Filter>
    </ClInclude>
  </ItemGroup>
</Project>